// !$*UTF8*$!
{
	archiveVersion = 1;
	classes = {
	};
	objectVersion = 50;
	objects = {

/* Begin PBXBuildFile section */
		590B653422F98D3500B75402 /* Components.framework in Frameworks */ = {isa = PBXBuildFile; fileRef = 590B652A22F98D3500B75402 /* Components.framework */; };
		590B653922F98D3500B75402 /* ComponentsTests.swift in Sources */ = {isa = PBXBuildFile; fileRef = 590B653822F98D3500B75402 /* ComponentsTests.swift */; };
		590B653B22F98D3500B75402 /* Components.h in Headers */ = {isa = PBXBuildFile; fileRef = 590B652D22F98D3500B75402 /* Components.h */; settings = {ATTRIBUTES = (Public, ); }; };
		590B656F22F98DF300B75402 /* BaseButton.swift in Sources */ = {isa = PBXBuildFile; fileRef = 590B656E22F98DF300B75402 /* BaseButton.swift */; };
		590B657122F98E0F00B75402 /* BaseImage.swift in Sources */ = {isa = PBXBuildFile; fileRef = 590B657022F98E0F00B75402 /* BaseImage.swift */; };
		590B657322F98ECD00B75402 /* BaseInputField.swift in Sources */ = {isa = PBXBuildFile; fileRef = 590B657222F98ECD00B75402 /* BaseInputField.swift */; };
/* End PBXBuildFile section */

/* Begin PBXContainerItemProxy section */
		590B653522F98D3500B75402 /* PBXContainerItemProxy */ = {
			isa = PBXContainerItemProxy;
			containerPortal = 590B652122F98D3500B75402 /* Project object */;
			proxyType = 1;
			remoteGlobalIDString = 590B652922F98D3500B75402;
			remoteInfo = Components;
		};
/* End PBXContainerItemProxy section */

/* Begin PBXFileReference section */
		590B652A22F98D3500B75402 /* Components.framework */ = {isa = PBXFileReference; explicitFileType = wrapper.framework; includeInIndex = 0; path = Components.framework; sourceTree = BUILT_PRODUCTS_DIR; };
		590B652D22F98D3500B75402 /* Components.h */ = {isa = PBXFileReference; lastKnownFileType = sourcecode.c.h; path = Components.h; sourceTree = "<group>"; };
		590B652E22F98D3500B75402 /* Info.plist */ = {isa = PBXFileReference; lastKnownFileType = text.plist.xml; path = Info.plist; sourceTree = "<group>"; };
		590B653322F98D3500B75402 /* ComponentsTests.xctest */ = {isa = PBXFileReference; explicitFileType = wrapper.cfbundle; includeInIndex = 0; path = ComponentsTests.xctest; sourceTree = BUILT_PRODUCTS_DIR; };
		590B653822F98D3500B75402 /* ComponentsTests.swift */ = {isa = PBXFileReference; lastKnownFileType = sourcecode.swift; path = ComponentsTests.swift; sourceTree = "<group>"; };
		590B653A22F98D3500B75402 /* Info.plist */ = {isa = PBXFileReference; lastKnownFileType = text.plist.xml; path = Info.plist; sourceTree = "<group>"; };
		590B656E22F98DF300B75402 /* BaseButton.swift */ = {isa = PBXFileReference; lastKnownFileType = sourcecode.swift; path = BaseButton.swift; sourceTree = "<group>"; };
		590B657022F98E0F00B75402 /* BaseImage.swift */ = {isa = PBXFileReference; lastKnownFileType = sourcecode.swift; path = BaseImage.swift; sourceTree = "<group>"; };
		590B657222F98ECD00B75402 /* BaseInputField.swift */ = {isa = PBXFileReference; lastKnownFileType = sourcecode.swift; path = BaseInputField.swift; sourceTree = "<group>"; };
/* End PBXFileReference section */

/* Begin PBXFrameworksBuildPhase section */
		590B652722F98D3500B75402 /* Frameworks */ = {
			isa = PBXFrameworksBuildPhase;
			buildActionMask = 2147483647;
			files = (
			);
			runOnlyForDeploymentPostprocessing = 0;
		};
		590B653022F98D3500B75402 /* Frameworks */ = {
			isa = PBXFrameworksBuildPhase;
			buildActionMask = 2147483647;
			files = (
				590B653422F98D3500B75402 /* Components.framework in Frameworks */,
			);
			runOnlyForDeploymentPostprocessing = 0;
		};
/* End PBXFrameworksBuildPhase section */

/* Begin PBXGroup section */
		590B652022F98D3500B75402 = {
			isa = PBXGroup;
			children = (
				590B652C22F98D3500B75402 /* Components */,
				590B653722F98D3500B75402 /* ComponentsTests */,
				590B652B22F98D3500B75402 /* Products */,
			);
			sourceTree = "<group>";
		};
		590B652B22F98D3500B75402 /* Products */ = {
			isa = PBXGroup;
			children = (
				590B652A22F98D3500B75402 /* Components.framework */,
				590B653322F98D3500B75402 /* ComponentsTests.xctest */,
			);
			name = Products;
			sourceTree = "<group>";
		};
		590B652C22F98D3500B75402 /* Components */ = {
			isa = PBXGroup;
			children = (
				590B656D22F98DC100B75402 /* InputField */,
				590B656C22F98DB800B75402 /* Button */,
				590B656B22F98DB000B75402 /* Image */,
				590B652D22F98D3500B75402 /* Components.h */,
				590B652E22F98D3500B75402 /* Info.plist */,
			);
			path = Components;
			sourceTree = "<group>";
		};
		590B653722F98D3500B75402 /* ComponentsTests */ = {
			isa = PBXGroup;
			children = (
				590B653822F98D3500B75402 /* ComponentsTests.swift */,
				590B653A22F98D3500B75402 /* Info.plist */,
			);
			path = ComponentsTests;
			sourceTree = "<group>";
		};
		590B656B22F98DB000B75402 /* Image */ = {
			isa = PBXGroup;
			children = (
				590B657022F98E0F00B75402 /* BaseImage.swift */,
			);
			path = Image;
			sourceTree = "<group>";
		};
		590B656C22F98DB800B75402 /* Button */ = {
			isa = PBXGroup;
			children = (
				590B656E22F98DF300B75402 /* BaseButton.swift */,
			);
			path = Button;
			sourceTree = "<group>";
		};
		590B656D22F98DC100B75402 /* InputField */ = {
			isa = PBXGroup;
			children = (
				590B657222F98ECD00B75402 /* BaseInputField.swift */,
			);
			path = InputField;
			sourceTree = "<group>";
		};
/* End PBXGroup section */

/* Begin PBXHeadersBuildPhase section */
		590B652522F98D3500B75402 /* Headers */ = {
			isa = PBXHeadersBuildPhase;
			buildActionMask = 2147483647;
			files = (
				590B653B22F98D3500B75402 /* Components.h in Headers */,
			);
			runOnlyForDeploymentPostprocessing = 0;
		};
/* End PBXHeadersBuildPhase section */

/* Begin PBXNativeTarget section */
		590B652922F98D3500B75402 /* Components */ = {
			isa = PBXNativeTarget;
			buildConfigurationList = 590B653E22F98D3500B75402 /* Build configuration list for PBXNativeTarget "Components" */;
			buildPhases = (
				590B652522F98D3500B75402 /* Headers */,
				590B652622F98D3500B75402 /* Sources */,
				590B652722F98D3500B75402 /* Frameworks */,
				590B652822F98D3500B75402 /* Resources */,
			);
			buildRules = (
			);
			dependencies = (
			);
			name = Components;
			productName = Components;
			productReference = 590B652A22F98D3500B75402 /* Components.framework */;
			productType = "com.apple.product-type.framework";
		};
		590B653222F98D3500B75402 /* ComponentsTests */ = {
			isa = PBXNativeTarget;
			buildConfigurationList = 590B654122F98D3500B75402 /* Build configuration list for PBXNativeTarget "ComponentsTests" */;
			buildPhases = (
				590B652F22F98D3500B75402 /* Sources */,
				590B653022F98D3500B75402 /* Frameworks */,
				590B653122F98D3500B75402 /* Resources */,
			);
			buildRules = (
			);
			dependencies = (
				590B653622F98D3500B75402 /* PBXTargetDependency */,
			);
			name = ComponentsTests;
			productName = ComponentsTests;
			productReference = 590B653322F98D3500B75402 /* ComponentsTests.xctest */;
			productType = "com.apple.product-type.bundle.unit-test";
		};
/* End PBXNativeTarget section */

/* Begin PBXProject section */
		590B652122F98D3500B75402 /* Project object */ = {
			isa = PBXProject;
			attributes = {
				LastSwiftUpdateCheck = 1010;
				LastUpgradeCheck = 1010;
				ORGANIZATIONNAME = "Tanet Pornsirirat";
				TargetAttributes = {
					590B652922F98D3500B75402 = {
						CreatedOnToolsVersion = 10.1;
						LastSwiftMigration = 1010;
					};
					590B653222F98D3500B75402 = {
						CreatedOnToolsVersion = 10.1;
					};
				};
			};
			buildConfigurationList = 590B652422F98D3500B75402 /* Build configuration list for PBXProject "Components" */;
			compatibilityVersion = "Xcode 9.3";
			developmentRegion = en;
			hasScannedForEncodings = 0;
			knownRegions = (
				en,
			);
			mainGroup = 590B652022F98D3500B75402;
			productRefGroup = 590B652B22F98D3500B75402 /* Products */;
			projectDirPath = "";
			projectRoot = "";
			targets = (
				590B652922F98D3500B75402 /* Components */,
				590B653222F98D3500B75402 /* ComponentsTests */,
			);
		};
/* End PBXProject section */

/* Begin PBXResourcesBuildPhase section */
		590B652822F98D3500B75402 /* Resources */ = {
			isa = PBXResourcesBuildPhase;
			buildActionMask = 2147483647;
			files = (
			);
			runOnlyForDeploymentPostprocessing = 0;
		};
		590B653122F98D3500B75402 /* Resources */ = {
			isa = PBXResourcesBuildPhase;
			buildActionMask = 2147483647;
			files = (
			);
			runOnlyForDeploymentPostprocessing = 0;
		};
/* End PBXResourcesBuildPhase section */

/* Begin PBXSourcesBuildPhase section */
		590B652622F98D3500B75402 /* Sources */ = {
			isa = PBXSourcesBuildPhase;
			buildActionMask = 2147483647;
			files = (
				590B657122F98E0F00B75402 /* BaseImage.swift in Sources */,
				590B656F22F98DF300B75402 /* BaseButton.swift in Sources */,
				590B657322F98ECD00B75402 /* BaseInputField.swift in Sources */,
			);
			runOnlyForDeploymentPostprocessing = 0;
		};
		590B652F22F98D3500B75402 /* Sources */ = {
			isa = PBXSourcesBuildPhase;
			buildActionMask = 2147483647;
			files = (
				590B653922F98D3500B75402 /* ComponentsTests.swift in Sources */,
			);
			runOnlyForDeploymentPostprocessing = 0;
		};
/* End PBXSourcesBuildPhase section */

/* Begin PBXTargetDependency section */
		590B653622F98D3500B75402 /* PBXTargetDependency */ = {
			isa = PBXTargetDependency;
			target = 590B652922F98D3500B75402 /* Components */;
			targetProxy = 590B653522F98D3500B75402 /* PBXContainerItemProxy */;
		};
/* End PBXTargetDependency section */

/* Begin XCBuildConfiguration section */
		590B653C22F98D3500B75402 /* Debug */ = {
			isa = XCBuildConfiguration;
			buildSettings = {
				ALWAYS_SEARCH_USER_PATHS = NO;
				CLANG_ANALYZER_NONNULL = YES;
				CLANG_ANALYZER_NUMBER_OBJECT_CONVERSION = YES_AGGRESSIVE;
				CLANG_CXX_LANGUAGE_STANDARD = "gnu++14";
				CLANG_CXX_LIBRARY = "libc++";
				CLANG_ENABLE_MODULES = YES;
				CLANG_ENABLE_OBJC_ARC = YES;
				CLANG_ENABLE_OBJC_WEAK = YES;
				CLANG_WARN_BLOCK_CAPTURE_AUTORELEASING = YES;
				CLANG_WARN_BOOL_CONVERSION = YES;
				CLANG_WARN_COMMA = YES;
				CLANG_WARN_CONSTANT_CONVERSION = YES;
				CLANG_WARN_DEPRECATED_OBJC_IMPLEMENTATIONS = YES;
				CLANG_WARN_DIRECT_OBJC_ISA_USAGE = YES_ERROR;
				CLANG_WARN_DOCUMENTATION_COMMENTS = YES;
				CLANG_WARN_EMPTY_BODY = YES;
				CLANG_WARN_ENUM_CONVERSION = YES;
				CLANG_WARN_INFINITE_RECURSION = YES;
				CLANG_WARN_INT_CONVERSION = YES;
				CLANG_WARN_NON_LITERAL_NULL_CONVERSION = YES;
				CLANG_WARN_OBJC_IMPLICIT_RETAIN_SELF = YES;
				CLANG_WARN_OBJC_LITERAL_CONVERSION = YES;
				CLANG_WARN_OBJC_ROOT_CLASS = YES_ERROR;
				CLANG_WARN_RANGE_LOOP_ANALYSIS = YES;
				CLANG_WARN_STRICT_PROTOTYPES = YES;
				CLANG_WARN_SUSPICIOUS_MOVE = YES;
				CLANG_WARN_UNGUARDED_AVAILABILITY = YES_AGGRESSIVE;
				CLANG_WARN_UNREACHABLE_CODE = YES;
				CLANG_WARN__DUPLICATE_METHOD_MATCH = YES;
				CODE_SIGN_IDENTITY = "iPhone Developer";
				COPY_PHASE_STRIP = NO;
				CURRENT_PROJECT_VERSION = 1;
				DEBUG_INFORMATION_FORMAT = dwarf;
				ENABLE_STRICT_OBJC_MSGSEND = YES;
				ENABLE_TESTABILITY = YES;
				GCC_C_LANGUAGE_STANDARD = gnu11;
				GCC_DYNAMIC_NO_PIC = NO;
				GCC_NO_COMMON_BLOCKS = YES;
				GCC_OPTIMIZATION_LEVEL = 0;
				GCC_PREPROCESSOR_DEFINITIONS = (
					"DEBUG=1",
					"$(inherited)",
				);
				GCC_WARN_64_TO_32_BIT_CONVERSION = YES;
				GCC_WARN_ABOUT_RETURN_TYPE = YES_ERROR;
				GCC_WARN_UNDECLARED_SELECTOR = YES;
				GCC_WARN_UNINITIALIZED_AUTOS = YES_AGGRESSIVE;
				GCC_WARN_UNUSED_FUNCTION = YES;
				GCC_WARN_UNUSED_VARIABLE = YES;
				IPHONEOS_DEPLOYMENT_TARGET = 12.1;
				MTL_ENABLE_DEBUG_INFO = INCLUDE_SOURCE;
				MTL_FAST_MATH = YES;
				ONLY_ACTIVE_ARCH = YES;
				SDKROOT = iphoneos;
				SWIFT_ACTIVE_COMPILATION_CONDITIONS = DEBUG;
				SWIFT_OPTIMIZATION_LEVEL = "-Onone";
				VERSIONING_SYSTEM = "apple-generic";
				VERSION_INFO_PREFIX = "";
			};
			name = Debug;
		};
		590B653D22F98D3500B75402 /* Release */ = {
			isa = XCBuildConfiguration;
			buildSettings = {
				ALWAYS_SEARCH_USER_PATHS = NO;
				CLANG_ANALYZER_NONNULL = YES;
				CLANG_ANALYZER_NUMBER_OBJECT_CONVERSION = YES_AGGRESSIVE;
				CLANG_CXX_LANGUAGE_STANDARD = "gnu++14";
				CLANG_CXX_LIBRARY = "libc++";
				CLANG_ENABLE_MODULES = YES;
				CLANG_ENABLE_OBJC_ARC = YES;
				CLANG_ENABLE_OBJC_WEAK = YES;
				CLANG_WARN_BLOCK_CAPTURE_AUTORELEASING = YES;
				CLANG_WARN_BOOL_CONVERSION = YES;
				CLANG_WARN_COMMA = YES;
				CLANG_WARN_CONSTANT_CONVERSION = YES;
				CLANG_WARN_DEPRECATED_OBJC_IMPLEMENTATIONS = YES;
				CLANG_WARN_DIRECT_OBJC_ISA_USAGE = YES_ERROR;
				CLANG_WARN_DOCUMENTATION_COMMENTS = YES;
				CLANG_WARN_EMPTY_BODY = YES;
				CLANG_WARN_ENUM_CONVERSION = YES;
				CLANG_WARN_INFINITE_RECURSION = YES;
				CLANG_WARN_INT_CONVERSION = YES;
				CLANG_WARN_NON_LITERAL_NULL_CONVERSION = YES;
				CLANG_WARN_OBJC_IMPLICIT_RETAIN_SELF = YES;
				CLANG_WARN_OBJC_LITERAL_CONVERSION = YES;
				CLANG_WARN_OBJC_ROOT_CLASS = YES_ERROR;
				CLANG_WARN_RANGE_LOOP_ANALYSIS = YES;
				CLANG_WARN_STRICT_PROTOTYPES = YES;
				CLANG_WARN_SUSPICIOUS_MOVE = YES;
				CLANG_WARN_UNGUARDED_AVAILABILITY = YES_AGGRESSIVE;
				CLANG_WARN_UNREACHABLE_CODE = YES;
				CLANG_WARN__DUPLICATE_METHOD_MATCH = YES;
				CODE_SIGN_IDENTITY = "iPhone Developer";
				COPY_PHASE_STRIP = NO;
				CURRENT_PROJECT_VERSION = 1;
				DEBUG_INFORMATION_FORMAT = "dwarf-with-dsym";
				ENABLE_NS_ASSERTIONS = NO;
				ENABLE_STRICT_OBJC_MSGSEND = YES;
				GCC_C_LANGUAGE_STANDARD = gnu11;
				GCC_NO_COMMON_BLOCKS = YES;
				GCC_WARN_64_TO_32_BIT_CONVERSION = YES;
				GCC_WARN_ABOUT_RETURN_TYPE = YES_ERROR;
				GCC_WARN_UNDECLARED_SELECTOR = YES;
				GCC_WARN_UNINITIALIZED_AUTOS = YES_AGGRESSIVE;
				GCC_WARN_UNUSED_FUNCTION = YES;
				GCC_WARN_UNUSED_VARIABLE = YES;
				IPHONEOS_DEPLOYMENT_TARGET = 12.1;
				MTL_ENABLE_DEBUG_INFO = NO;
				MTL_FAST_MATH = YES;
				SDKROOT = iphoneos;
				SWIFT_COMPILATION_MODE = wholemodule;
				SWIFT_OPTIMIZATION_LEVEL = "-O";
				VALIDATE_PRODUCT = YES;
				VERSIONING_SYSTEM = "apple-generic";
				VERSION_INFO_PREFIX = "";
			};
			name = Release;
		};
		590B653F22F98D3500B75402 /* Debug */ = {
			isa = XCBuildConfiguration;
			buildSettings = {
				CLANG_ENABLE_MODULES = YES;
				CODE_SIGN_IDENTITY = "";
				CODE_SIGN_STYLE = Automatic;
				DEFINES_MODULE = YES;
				DEVELOPMENT_TEAM = 73K97F856F;
				DYLIB_COMPATIBILITY_VERSION = 1;
				DYLIB_CURRENT_VERSION = 1;
				DYLIB_INSTALL_NAME_BASE = "@rpath";
				INFOPLIST_FILE = Components/Info.plist;
				INSTALL_PATH = "$(LOCAL_LIBRARY_DIR)/Frameworks";
				LD_RUNPATH_SEARCH_PATHS = (
					"$(inherited)",
					"@executable_path/Frameworks",
					"@loader_path/Frameworks",
				);
				PRODUCT_BUNDLE_IDENTIFIER = com.truedigital.sdk.Components;
				PRODUCT_NAME = "$(TARGET_NAME:c99extidentifier)";
				SKIP_INSTALL = YES;
				SWIFT_OPTIMIZATION_LEVEL = "-Onone";
				SWIFT_VERSION = 4.2;
				TARGETED_DEVICE_FAMILY = "1,2";
			};
			name = Debug;
		};
		590B654022F98D3500B75402 /* Release */ = {
			isa = XCBuildConfiguration;
			buildSettings = {
				CLANG_ENABLE_MODULES = YES;
				CODE_SIGN_IDENTITY = "";
				CODE_SIGN_STYLE = Automatic;
				DEFINES_MODULE = YES;
				DEVELOPMENT_TEAM = 73K97F856F;
				DYLIB_COMPATIBILITY_VERSION = 1;
				DYLIB_CURRENT_VERSION = 1;
				DYLIB_INSTALL_NAME_BASE = "@rpath";
				INFOPLIST_FILE = Components/Info.plist;
				INSTALL_PATH = "$(LOCAL_LIBRARY_DIR)/Frameworks";
				LD_RUNPATH_SEARCH_PATHS = (
					"$(inherited)",
					"@executable_path/Frameworks",
					"@loader_path/Frameworks",
				);
				PRODUCT_BUNDLE_IDENTIFIER = com.truedigital.sdk.Components;
				PRODUCT_NAME = "$(TARGET_NAME:c99extidentifier)";
				SKIP_INSTALL = YES;
				SWIFT_VERSION = 4.2;
				TARGETED_DEVICE_FAMILY = "1,2";
			};
			name = Release;
		};
		590B654222F98D3500B75402 /* Debug */ = {
			isa = XCBuildConfiguration;
			buildSettings = {
				ALWAYS_EMBED_SWIFT_STANDARD_LIBRARIES = YES;
				CODE_SIGN_STYLE = Automatic;
				DEVELOPMENT_TEAM = 73K97F856F;
				INFOPLIST_FILE = ComponentsTests/Info.plist;
				LD_RUNPATH_SEARCH_PATHS = (
					"$(inherited)",
					"@executable_path/Frameworks",
					"@loader_path/Frameworks",
				);
				PRODUCT_BUNDLE_IDENTIFIER = com.truedigital.sdk.ComponentsTests;
				PRODUCT_NAME = "$(TARGET_NAME)";
				SWIFT_VERSION = 4.2;
				TARGETED_DEVICE_FAMILY = "1,2";
			};
			name = Debug;
		};
		590B654322F98D3500B75402 /* Release */ = {
			isa = XCBuildConfiguration;
			buildSettings = {
				ALWAYS_EMBED_SWIFT_STANDARD_LIBRARIES = YES;
				CODE_SIGN_STYLE = Automatic;
				DEVELOPMENT_TEAM = 73K97F856F;
				INFOPLIST_FILE = ComponentsTests/Info.plist;
				LD_RUNPATH_SEARCH_PATHS = (
					"$(inherited)",
					"@executable_path/Frameworks",
					"@loader_path/Frameworks",
				);
				PRODUCT_BUNDLE_IDENTIFIER = com.truedigital.sdk.ComponentsTests;
				PRODUCT_NAME = "$(TARGET_NAME)";
				SWIFT_VERSION = 4.2;
				TARGETED_DEVICE_FAMILY = "1,2";
			};
			name = Release;
		};
/* End XCBuildConfiguration section */

/* Begin XCConfigurationList section */
		590B652422F98D3500B75402 /* Build configuration list for PBXProject "Components" */ = {
			isa = XCConfigurationList;
			buildConfigurations = (
				590B653C22F98D3500B75402 /* Debug */,
				590B653D22F98D3500B75402 /* Release */,
			);
			defaultConfigurationIsVisible = 0;
			defaultConfigurationName = Release;
		};
		590B653E22F98D3500B75402 /* Build configuration list for PBXNativeTarget "Components" */ = {
			isa = XCConfigurationList;
			buildConfigurations = (
				590B653F22F98D3500B75402 /* Debug */,
				590B654022F98D3500B75402 /* Release */,
			);
			defaultConfigurationIsVisible = 0;
			defaultConfigurationName = Release;
		};
		590B654122F98D3500B75402 /* Build configuration list for PBXNativeTarget "ComponentsTests" */ = {
			isa = XCConfigurationList;
			buildConfigurations = (
				590B654222F98D3500B75402 /* Debug */,
				590B654322F98D3500B75402 /* Release */,
			);
			defaultConfigurationIsVisible = 0;
			defaultConfigurationName = Release;
		};
/* End XCConfigurationList section */
	};
	rootObject = 590B652122F98D3500B75402 /* Project object */;
}
